
Microsoft Visual Studio Solution File, Format Version 12.00
# Visual Studio Version 17
VisualStudioVersion = 17.10.35027.167
MinimumVisualStudioVersion = 10.0.40219.1
Project("{9A19103F-16F7-4668-BE54-9A1E7A4F7556}") = "BulkyBook.WebUI", "Bulky.WebUI\BulkyBook.WebUI.csproj", "{0C42DC13-A8AB-4DEE-A1AF-39E19F613C5C}"
EndProject
Project("{9A19103F-16F7-4668-BE54-9A1E7A4F7556}") = "BulkyBook.WebRazor", "Bulky.WebRazor\BulkyBook.WebRazor.csproj", "{BBD54EA9-9ED7-4416-A97B-7FB0FB0EC97F}"
EndProject
Project("{9A19103F-16F7-4668-BE54-9A1E7A4F7556}") = "BulkyBook.Models", "Bulky.Models\BulkyBook.Models.csproj", "{0F4B67ED-AD97-4698-B2ED-035EADC13162}"
EndProject
Project("{9A19103F-16F7-4668-BE54-9A1E7A4F7556}") = "BulkyBook.DataAccess", "Bulky.DataAccess\BulkyBook.DataAccess.csproj", "{F6DB79F8-5035-4D20-89AD-C34C33226B2C}"
EndProject
Project("{9A19103F-16F7-4668-BE54-9A1E7A4F7556}") = "BulkyBook.Utilities", "Bulky.Utilities\BulkyBook.Utilities.csproj", "{880AFA54-2B30-4242-B8DE-6B97B4FA5554}"
EndProject
Global
	GlobalSection(SolutionConfigurationPlatforms) = preSolution
		Debug|Any CPU = Debug|Any CPU
		Release|Any CPU = Release|Any CPU
	EndGlobalSection
	GlobalSection(ProjectConfigurationPlatforms) = postSolution
		{0C42DC13-A8AB-4DEE-A1AF-39E19F613C5C}.Debug|Any CPU.ActiveCfg = Debug|Any CPU
		{0C42DC13-A8AB-4DEE-A1AF-39E19F613C5C}.Debug|Any CPU.Build.0 = Debug|Any CPU
		{0C42DC13-A8AB-4DEE-A1AF-39E19F613C5C}.Release|Any CPU.ActiveCfg = Release|Any CPU
		{0C42DC13-A8AB-4DEE-A1AF-39E19F613C5C}.Release|Any CPU.Build.0 = Release|Any CPU
		{BBD54EA9-9ED7-4416-A97B-7FB0FB0EC97F}.Debug|Any CPU.ActiveCfg = Debug|Any CPU
		{BBD54EA9-9ED7-4416-A97B-7FB0FB0EC97F}.Debug|Any CPU.Build.0 = Debug|Any CPU
		{BBD54EA9-9ED7-4416-A97B-7FB0FB0EC97F}.Release|Any CPU.ActiveCfg = Release|Any CPU
		{BBD54EA9-9ED7-4416-A97B-7FB0FB0EC97F}.Release|Any CPU.Build.0 = Release|Any CPU
		{0F4B67ED-AD97-4698-B2ED-035EADC13162}.Debug|Any CPU.ActiveCfg = Debug|Any CPU
		{0F4B67ED-AD97-4698-B2ED-035EADC13162}.Debug|Any CPU.Build.0 = Debug|Any CPU
		{0F4B67ED-AD97-4698-B2ED-035EADC13162}.Release|Any CPU.ActiveCfg = Release|Any CPU
		{0F4B67ED-AD97-4698-B2ED-035EADC13162}.Release|Any CPU.Build.0 = Release|Any CPU
		{F6DB79F8-5035-4D20-89AD-C34C33226B2C}.Debug|Any CPU.ActiveCfg = Debug|Any CPU
		{F6DB79F8-5035-4D20-89AD-C34C33226B2C}.Debug|Any CPU.Build.0 = Debug|Any CPU
		{F6DB79F8-5035-4D20-89AD-C34C33226B2C}.Release|Any CPU.ActiveCfg = Release|Any CPU
		{F6DB79F8-5035-4D20-89AD-C34C33226B2C}.Release|Any CPU.Build.0 = Release|Any CPU
		{880AFA54-2B30-4242-B8DE-6B97B4FA5554}.Debug|Any CPU.ActiveCfg = Debug|Any CPU
		{880AFA54-2B30-4242-B8DE-6B97B4FA5554}.Debug|Any CPU.Build.0 = Debug|Any CPU
		{880AFA54-2B30-4242-B8DE-6B97B4FA5554}.Release|Any CPU.ActiveCfg = Release|Any CPU
		{880AFA54-2B30-4242-B8DE-6B97B4FA5554}.Release|Any CPU.Build.0 = Release|Any CPU
	EndGlobalSection
	GlobalSection(SolutionProperties) = preSolution
		HideSolutionNode = FALSE
	EndGlobalSection
	GlobalSection(ExtensibilityGlobals) = postSolution
		SolutionGuid = {BACA1D96-9FE0-4242-9374-CCE26A1FA1CD}
	EndGlobalSection
EndGlobal
